<?xml version="1.0" encoding="utf-8"?>
<Project ToolsVersion="4.0" xmlns="http://schemas.microsoft.com/developer/msbuild/2003">
  <ItemGroup>
    <Filter Include="Source Files">
      <UniqueIdentifier>{4FC737F1-C7A5-4376-A066-2A32D752A2FF}</UniqueIdentifier>
      <Extensions>cpp;c;cc;cxx;def;odl;idl;hpj;bat;asm;asmx</Extensions>
    </Filter>
    <Filter Include="Header Files">
      <UniqueIdentifier>{93995380-89BD-4b04-88EB-625FBE52EBFB}</UniqueIdentifier>
      <Extensions>h;hh;hpp;hxx;hm;inl;inc;ipp;xsd</Extensions>
    </Filter>
    <Filter Include="Resource Files">
      <UniqueIdentifier>{67DA6AB6-F800-4c08-8B7A-83BB121AAD01}</UniqueIdentifier>
      <Extensions>rc;ico;cur;bmp;dlg;rc2;rct;bin;rgs;gif;jpg;jpeg;jpe;resx;tiff;tif;png;wav;mfcribbon-ms</Extensions>
    </Filter>
    <Filter Include="Libraries">
      <UniqueIdentifier>{08f1f0ed-2146-4368-92d9-d192d2881ac2}</UniqueIdentifier>
    </Filter>
    <Filter Include="Resource Files\Fonts">
      <UniqueIdentifier>{9e58d4d3-c004-49bc-8802-c479fb64b841}</UniqueIdentifier>
    </Filter>
    <Filter Include="Source Files\UI">
      <UniqueIdentifier>{18e0751c-070e-4c88-ac97-c45429366e58}</UniqueIdentifier>
    </Filter>
    <Filter Include="Header Files\UI">
      <UniqueIdentifier>{f4fb6a7b-ca04-4d96-8245-204e71f0ccbc}</UniqueIdentifier>
    </Filter>
    <Filter Include="Header Files\Menu">
      <UniqueIdentifier>{237325ae-9a02-42d1-b9c9-f542b5fdff61}</UniqueIdentifier>
    </Filter>
    <Filter Include="Header Files\Machine">
      <UniqueIdentifier>{f9103eb3-ca66-4cb8-9fda-2ca35bc9d48b}</UniqueIdentifier>
    </Filter>
    <Filter Include="Source Files\Machine">
      <UniqueIdentifier>{819071d0-5431-449c-85c9-5fda433904d1}</UniqueIdentifier>
    </Filter>
    <Filter Include="Header Files\Evolution">
      <UniqueIdentifier>{3b602ae0-66e6-43de-9fbd-e8c80f3c2136}</UniqueIdentifier>
    </Filter>
    <Filter Include="Source Files\Evolution">
      <UniqueIdentifier>{ad1d4f31-4e07-4a11-9467-4365ad4e7217}</UniqueIdentifier>
    </Filter>
    <Filter Include="Source Files\Menu">
      <UniqueIdentifier>{591f08f1-beb7-45f0-a487-6feb19fd8e34}</UniqueIdentifier>
    </Filter>
    <Filter Include="Resource Files\Tracks">
      <UniqueIdentifier>{24b818a6-3493-49a3-9b9e-b0b47ce9fc91}</UniqueIdentifier>
    </Filter>
    <Filter Include="Resource Files\Cars">
      <UniqueIdentifier>{156f53f2-c079-4edd-b0aa-f79b8adb2651}</UniqueIdentifier>
    </Filter>
  </ItemGroup>
  <ItemGroup>
    <ClCompile Include="Main.cpp">
      <Filter>Source Files</Filter>
    </ClCompile>
    <ClCompile Include="Window.cpp">
      <Filter>Source Files</Filter>
    </ClCompile>
    <ClCompile Include="InputManager.cpp">
      <Filter>Source Files</Filter>
    </ClCompile>
    <ClCompile Include="UI.cpp">
      <Filter>Source Files\UI</Filter>
    </ClCompile>
    <ClCompile Include="TextField.cpp">
      <Filter>Source Files\UI</Filter>
    </ClCompile>
    <ClCompile Include="Clickable.cpp">
      <Filter>Source Files\UI</Filter>
    </ClCompile>
    <ClCompile Include="Button.cpp">
      <Filter>Source Files\UI</Filter>
    </ClCompile>
    <ClCompile Include="Menu.cpp">
      <Filter>Source Files\Menu</Filter>
    </ClCompile>
    <ClCompile Include="MainMenu.cpp">
      <Filter>Source Files\Menu</Filter>
    </ClCompile>
    <ClCompile Include="SettingsMenu.cpp">
      <Filter>Source Files\Menu</Filter>
    </ClCompile>
    <ClCompile Include="MapSelectMenu.cpp">
      <Filter>Source Files\Menu</Filter>
    </ClCompile>
    <ClCompile Include="Slider.cpp">
      <Filter>Source Files\UI</Filter>
    </ClCompile>
    <ClCompile Include="Car.cpp">
      <Filter>Source Files\Machine</Filter>
    </ClCompile>
    <ClCompile Include="Neuron.cpp">
      <Filter>Source Files\Machine</Filter>
    </ClCompile>
    <ClCompile Include="NeuralNetwork.cpp">
      <Filter>Source Files\Machine</Filter>
    </ClCompile>
    <ClCompile Include="RaceTrack.cpp">
      <Filter>Source Files</Filter>
    </ClCompile>
    <ClCompile Include="Tooltip.cpp">
      <Filter>Source Files\UI</Filter>
    </ClCompile>
    <ClCompile Include="Simulation.cpp">
      <Filter>Source Files\Evolution</Filter>
    </ClCompile>
    <ClCompile Include="EvolutionManager.cpp">
      <Filter>Source Files\Evolution</Filter>
    </ClCompile>
    <ClCompile Include="LineShape.cpp">
      <Filter>Source Files</Filter>
    </ClCompile>
    <ClCompile Include="Analysis.cpp">
      <Filter>Source Files\Evolution</Filter>
    </ClCompile>
    <ClCompile Include="CarSelectMenu.cpp">
      <Filter>Source Files\Menu</Filter>
    </ClCompile>
    <ClCompile Include="Popup.cpp">
      <Filter>Source Files\UI</Filter>
    </ClCompile>
    <ClCompile Include="AdvancedSettingsMenu.cpp">
      <Filter>Source Files\Menu</Filter>
    </ClCompile>
    <ClCompile Include="CheckBox.cpp">
      <Filter>Source Files\UI</Filter>
    </ClCompile>
  </ItemGroup>
  <ItemGroup>
    <None Include="sfml-window-d-2.dll">
      <Filter>Libraries</Filter>
    </None>
    <None Include="sfml-audio-2.dll">
      <Filter>Libraries</Filter>
    </None>
    <None Include="sfml-audio-d-2.dll">
      <Filter>Libraries</Filter>
    </None>
    <None Include="sfml-graphics-2.dll">
      <Filter>Libraries</Filter>
    </None>
    <None Include="sfml-graphics-d-2.dll">
      <Filter>Libraries</Filter>
    </None>
    <None Include="sfml-network-2.dll">
      <Filter>Libraries</Filter>
    </None>
    <None Include="sfml-network-d-2.dll">
      <Filter>Libraries</Filter>
    </None>
    <None Include="sfml-system-2.dll">
      <Filter>Libraries</Filter>
    </None>
    <None Include="sfml-system-d-2.dll">
      <Filter>Libraries</Filter>
    </None>
    <None Include="sfml-window-2.dll">
      <Filter>Libraries</Filter>
    </None>
    <None Include="openal32.dll">
      <Filter>Libraries</Filter>
    </None>
    <None Include="Tracks\Track1.track">
      <Filter>Resource Files\Tracks</Filter>
    </None>
    <None Include="Cars\Generation3Win.cars">
      <Filter>Resource Files\Cars</Filter>
    </None>
  </ItemGroup>
  <ItemGroup>
    <Font Include="arial.ttf">
      <Filter>Resource Files\Fonts</Filter>
    </Font>
  </ItemGroup>
  <ItemGroup>
    <ClInclude Include="Window.h">
      <Filter>Header Files</Filter>
    </ClInclude>
    <ClInclude Include="Event.h">
      <Filter>Header Files</Filter>
    </ClInclude>
    <ClInclude Include="InputManager.h">
      <Filter>Header Files</Filter>
    </ClInclude>
    <ClInclude Include="UI.h">
      <Filter>Header Files\UI</Filter>
    </ClInclude>
    <ClInclude Include="TextField.h">
      <Filter>Header Files\UI</Filter>
    </ClInclude>
    <ClInclude Include="Clickable.h">
      <Filter>Header Files\UI</Filter>
    </ClInclude>
    <ClInclude Include="Button.h">
      <Filter>Header Files\UI</Filter>
    </ClInclude>
    <ClInclude Include="Menu.h">
      <Filter>Header Files\Menu</Filter>
    </ClInclude>
    <ClInclude Include="MainMenu.h">
      <Filter>Header Files\Menu</Filter>
    </ClInclude>
    <ClInclude Include="MapSelectMenu.h">
      <Filter>Header Files\Menu</Filter>
    </ClInclude>
    <ClInclude Include="Slider.h">
      <Filter>Header Files\UI</Filter>
    </ClInclude>
    <ClInclude Include="Car.h">
      <Filter>Header Files\Machine</Filter>
    </ClInclude>
    <ClInclude Include="NeuralNetwork.h">
      <Filter>Header Files\Machine</Filter>
    </ClInclude>
    <ClInclude Include="Neuron.h">
      <Filter>Header Files\Machine</Filter>
    </ClInclude>
    <ClInclude Include="RaceTrack.h">
      <Filter>Header Files</Filter>
    </ClInclude>
    <ClInclude Include="Tooltip.h">
      <Filter>Header Files\UI</Filter>
    </ClInclude>
    <ClInclude Include="Simulation.h">
      <Filter>Header Files\Evolution</Filter>
    </ClInclude>
    <ClInclude Include="EvolutionManager.h">
      <Filter>Header Files\Evolution</Filter>
    </ClInclude>
    <ClInclude Include="LineShape.h">
      <Filter>Header Files</Filter>
    </ClInclude>
    <ClInclude Include="Analysis.h">
      <Filter>Header Files\Evolution</Filter>
    </ClInclude>
    <ClInclude Include="RNG.h">
      <Filter>Header Files</Filter>
    </ClInclude>
    <ClInclude Include="CarSelectMenu.h">
      <Filter>Header Files\Menu</Filter>
    </ClInclude>
    <ClInclude Include="Popup.h">
      <Filter>Header Files\UI</Filter>
    </ClInclude>
    <ClInclude Include="SettingsMenu.h">
      <Filter>Header Files\Menu</Filter>
    </ClInclude>
    <ClInclude Include="AdvancedSettingsMenu.h">
      <Filter>Header Files\Menu</Filter>
    </ClInclude>
    <ClInclude Include="Checkbox.h">
      <Filter>Header Files\UI</Filter>
    </ClInclude>
  </ItemGroup>
</Project>